<?xml version="1.0" encoding="UTF-8" standalone="yes" ?>
<CodeBlocks_project_file>
	<FileVersion major="1" minor="6" />
	<Project>
		<Option title="NoAmii" />
		<Option makefile_is_custom="1" />
		<Option pch_mode="2" />
		<Option compiler="gnu_gcc_compiler_for_3ds" />
		<Option check_files="0" />
		<Build>
			<Target title="all">
				<Option output="bin/Debug/NoAmii" prefix_auto="1" extension_auto="1" />
				<Option object_output="obj/Debug/" />
				<Option type="1" />
				<Option compiler="gnu_gcc_compiler_for_3ds" />
				<Compiler>
					<Add option="-g" />
				</Compiler>
			</Target>
		</Build>
		<Compiler>
			<Add option="-Wall" />
		</Compiler>
		<Extensions>
			<code_completion />
			<envvars />
			<debugger />
		</Extensions>
	</Project>
</CodeBlocks_project_file>
